
Microsoft Visual Studio Solution File, Format Version 12.00
# Visual Studio Version 17
VisualStudioVersion = 17.13.35818.85 d17.13
MinimumVisualStudioVersion = 10.0.40219.1
Project("{FAE04EC0-301F-11D3-BF4B-00C04F79EFBC}") = "hello-world", "hello-world\hello-world.csproj", "{8065F8CF-A7F5-4CC1-8365-3E920CAAF0ED}"
EndProject
Global
	GlobalSection(SolutionConfigurationPlatforms) = preSolution
		Debug|Any CPU = Debug|Any CPU
		Release|Any CPU = Release|Any CPU
	EndGlobalSection
	GlobalSection(ProjectConfigurationPlatforms) = postSolution
		{8065F8CF-A7F5-4CC1-8365-3E920CAAF0ED}.Debug|Any CPU.ActiveCfg = Debug|Any CPU
		{8065F8CF-A7F5-4CC1-8365-3E920CAAF0ED}.Debug|Any CPU.Build.0 = Debug|Any CPU
		{8065F8CF-A7F5-4CC1-8365-3E920CAAF0ED}.Release|Any CPU.ActiveCfg = Release|Any CPU
		{8065F8CF-A7F5-4CC1-8365-3E920CAAF0ED}.Release|Any CPU.Build.0 = Release|Any CPU
	EndGlobalSection
	GlobalSection(SolutionProperties) = preSolution
		HideSolutionNode = FALSE
	EndGlobalSection
	GlobalSection(ExtensibilityGlobals) = postSolution
		SolutionGuid = {DBFF77B7-1046-4885-BFDB-496422D2DB71}
	EndGlobalSection
EndGlobal
